
Microsoft Visual Studio Solution File, Format Version 12.00
# Visual Studio Version 17
VisualStudioVersion = 17.4.33213.308
MinimumVisualStudioVersion = 10.0.40219.1
Project("{FAE04EC0-301F-11D3-BF4B-00C04F79EFBC}") = "Bisezione2", "Bisezione2\Bisezione2.csproj", "{FF97B406-370D-4191-AA70-3A397C0D4F1D}"
EndProject
Global
	GlobalSection(SolutionConfigurationPlatforms) = preSolution
		Debug|Any CPU = Debug|Any CPU
		Release|Any CPU = Release|Any CPU
	EndGlobalSection
	GlobalSection(ProjectConfigurationPlatforms) = postSolution
		{FF97B406-370D-4191-AA70-3A397C0D4F1D}.Debug|Any CPU.ActiveCfg = Debug|Any CPU
		{FF97B406-370D-4191-AA70-3A397C0D4F1D}.Debug|Any CPU.Build.0 = Debug|Any CPU
		{FF97B406-370D-4191-AA70-3A397C0D4F1D}.Release|Any CPU.ActiveCfg = Release|Any CPU
		{FF97B406-370D-4191-AA70-3A397C0D4F1D}.Release|Any CPU.Build.0 = Release|Any CPU
	EndGlobalSection
	GlobalSection(SolutionProperties) = preSolution
		HideSolutionNode = FALSE
	EndGlobalSection
	GlobalSection(ExtensibilityGlobals) = postSolution
		SolutionGuid = {7FDF171B-9B6A-4E6D-AF9C-992AD32A00E9}
	EndGlobalSection
EndGlobal
